PODS:
  - google-cast-sdk (2.10.4):
    - google-cast-sdk/Assets (= 2.10.4)
    - google-cast-sdk/Core (= 2.10.4)
  - google-cast-sdk/Assets (2.10.4):
    - google-cast-sdk/Core
  - google-cast-sdk/Core (2.10.4)

DEPENDENCIES:
  - google-cast-sdk (~> 2.10.4)

SPEC CHECKSUMS:
  google-cast-sdk: eb83ef6b875969e765011c457b254539c0978792

PODFILE CHECKSUM: c6b364137e6e51413453c17a92ad553536b522c5

COCOAPODS: 1.0.0
